
Microsoft Visual Studio Solution File, Format Version 12.00
# Visual Studio Version 16
VisualStudioVersion = 16.0.29709.97
MinimumVisualStudioVersion = 10.0.40219.1
Project("{FAE04EC0-301F-11D3-BF4B-00C04F79EFBC}") = "Registro3.5", "Registro3.5.csproj", "{E2C55B89-0AD8-4D4B-AC9C-8B6CBDF21572}"
EndProject
Global
	GlobalSection(SolutionConfigurationPlatforms) = preSolution
		Debug|Any CPU = Debug|Any CPU
		Release|Any CPU = Release|Any CPU
	EndGlobalSection
	GlobalSection(ProjectConfigurationPlatforms) = postSolution
		{E2C55B89-0AD8-4D4B-AC9C-8B6CBDF21572}.Debug|Any CPU.ActiveCfg = Debug|Any CPU
		{E2C55B89-0AD8-4D4B-AC9C-8B6CBDF21572}.Debug|Any CPU.Build.0 = Debug|Any CPU
		{E2C55B89-0AD8-4D4B-AC9C-8B6CBDF21572}.Release|Any CPU.ActiveCfg = Release|Any CPU
		{E2C55B89-0AD8-4D4B-AC9C-8B6CBDF21572}.Release|Any CPU.Build.0 = Release|Any CPU
	EndGlobalSection
	GlobalSection(SolutionProperties) = preSolution
		HideSolutionNode = FALSE
	EndGlobalSection
	GlobalSection(ExtensibilityGlobals) = postSolution
		SolutionGuid = {4EAB0FFC-BDA5-49DA-8103-5CEA15C5DA63}
	EndGlobalSection
EndGlobal
